
Microsoft Visual Studio Solution File, Format Version 12.00
# Visual Studio Version 16
VisualStudioVersion = 16.0.30413.136
MinimumVisualStudioVersion = 10.0.40219.1
Project("{9A19103F-16F7-4668-BE54-9A1E7A4F7556}") = "KdSoft.MailSlot", "KdSoft.MailSlot\KdSoft.MailSlot.csproj", "{28E490EE-FF97-492E-877A-C50AF87C57CE}"
EndProject
Project("{9A19103F-16F7-4668-BE54-9A1E7A4F7556}") = "KdSoft.MailSlot.TestServer", "KdSoft.MailSlot.TestServer\KdSoft.MailSlot.TestServer.csproj", "{7CF17DEC-034E-44D3-B926-3C254C16BF8B}"
EndProject
Project("{9A19103F-16F7-4668-BE54-9A1E7A4F7556}") = "KdSoft.MailSlot.TestClient", "KdSoft.MailSlot.TestClient\KdSoft.MailSlot.TestClient.csproj", "{DC621425-C42F-46CA-A8CE-65F9940343DB}"
EndProject
Project("{2150E333-8FDC-42A3-9474-1A3956D46DE8}") = "Solution", "Solution", "{44A93FB4-59CF-4206-952F-B2B2D94B6247}"
	ProjectSection(SolutionItems) = preProject
		common.props = common.props
		README.md = README.md
	EndProjectSection
EndProject
Global
	GlobalSection(SolutionConfigurationPlatforms) = preSolution
		Debug|Any CPU = Debug|Any CPU
		Release|Any CPU = Release|Any CPU
	EndGlobalSection
	GlobalSection(ProjectConfigurationPlatforms) = postSolution
		{28E490EE-FF97-492E-877A-C50AF87C57CE}.Debug|Any CPU.ActiveCfg = Debug|Any CPU
		{28E490EE-FF97-492E-877A-C50AF87C57CE}.Debug|Any CPU.Build.0 = Debug|Any CPU
		{28E490EE-FF97-492E-877A-C50AF87C57CE}.Release|Any CPU.ActiveCfg = Release|Any CPU
		{28E490EE-FF97-492E-877A-C50AF87C57CE}.Release|Any CPU.Build.0 = Release|Any CPU
		{7CF17DEC-034E-44D3-B926-3C254C16BF8B}.Debug|Any CPU.ActiveCfg = Debug|Any CPU
		{7CF17DEC-034E-44D3-B926-3C254C16BF8B}.Debug|Any CPU.Build.0 = Debug|Any CPU
		{7CF17DEC-034E-44D3-B926-3C254C16BF8B}.Release|Any CPU.ActiveCfg = Release|Any CPU
		{7CF17DEC-034E-44D3-B926-3C254C16BF8B}.Release|Any CPU.Build.0 = Release|Any CPU
		{DC621425-C42F-46CA-A8CE-65F9940343DB}.Debug|Any CPU.ActiveCfg = Debug|Any CPU
		{DC621425-C42F-46CA-A8CE-65F9940343DB}.Debug|Any CPU.Build.0 = Debug|Any CPU
		{DC621425-C42F-46CA-A8CE-65F9940343DB}.Release|Any CPU.ActiveCfg = Release|Any CPU
		{DC621425-C42F-46CA-A8CE-65F9940343DB}.Release|Any CPU.Build.0 = Release|Any CPU
	EndGlobalSection
	GlobalSection(SolutionProperties) = preSolution
		HideSolutionNode = FALSE
	EndGlobalSection
	GlobalSection(ExtensibilityGlobals) = postSolution
		SolutionGuid = {BCE5B573-FE6A-43D1-890D-BDD2EF8E1B4E}
	EndGlobalSection
EndGlobal
